
Microsoft Visual Studio Solution File, Format Version 12.00
# Visual Studio Version 17
VisualStudioVersion = 17.7.34221.43
MinimumVisualStudioVersion = 10.0.40219.1
Project("{8BC9CEB8-8B4A-11D0-8D11-00A0C91BC942}") = "Быстрая сортировка", "Быстрая сортировка\Быстрая сортировка.vcxproj", "{F0F43978-27F6-418F-9721-FF5D8C6857C0}"
EndProject
Global
	GlobalSection(SolutionConfigurationPlatforms) = preSolution
		Debug|x64 = Debug|x64
		Debug|x86 = Debug|x86
		Release|x64 = Release|x64
		Release|x86 = Release|x86
	EndGlobalSection
	GlobalSection(ProjectConfigurationPlatforms) = postSolution
		{F0F43978-27F6-418F-9721-FF5D8C6857C0}.Debug|x64.ActiveCfg = Debug|x64
		{F0F43978-27F6-418F-9721-FF5D8C6857C0}.Debug|x64.Build.0 = Debug|x64
		{F0F43978-27F6-418F-9721-FF5D8C6857C0}.Debug|x86.ActiveCfg = Debug|Win32
		{F0F43978-27F6-418F-9721-FF5D8C6857C0}.Debug|x86.Build.0 = Debug|Win32
		{F0F43978-27F6-418F-9721-FF5D8C6857C0}.Release|x64.ActiveCfg = Release|x64
		{F0F43978-27F6-418F-9721-FF5D8C6857C0}.Release|x64.Build.0 = Release|x64
		{F0F43978-27F6-418F-9721-FF5D8C6857C0}.Release|x86.ActiveCfg = Release|Win32
		{F0F43978-27F6-418F-9721-FF5D8C6857C0}.Release|x86.Build.0 = Release|Win32
	EndGlobalSection
	GlobalSection(SolutionProperties) = preSolution
		HideSolutionNode = FALSE
	EndGlobalSection
	GlobalSection(ExtensibilityGlobals) = postSolution
		SolutionGuid = {BB6FE3B0-C31B-4CD0-9A18-D30061172826}
	EndGlobalSection
EndGlobal
